{
    "name": "@benzed/react",
    "version": "1.0.0",
    "lockfileVersion": 2,
    "requires": true,
    "packages": {
        "": {
            "name": "@benzed/react",
            "version": "1.0.0",
            "license": "ISC",
            "dependencies": {
                "react": "^18.2.0"
            }
        },
        "../array": {
            "name": "@benzed/array",
            "version": "3.2.3",
            "extraneous": true,
            "license": "ISC",
            "dependencies": {
                "@benzed/util": "^3.9.1"
            }
        },
        "../async": {
            "name": "@benzed/async",
            "version": "3.4.1",
            "extraneous": true,
            "license": "ISC",
            "dependencies": {
                "@benzed/array": "^3.2.3",
                "@benzed/traits": "^1.0.0",
                "@benzed/util": "^3.9.1"
            }
        },
        "../immutable": {
            "name": "@benzed/immutable",
            "version": "4.0.0",
            "extraneous": true,
            "license": "ISC",
            "dependencies": {
                "@benzed/array": "^3.2.3",
                "@benzed/traits": "^1.0.0",
                "@benzed/util": "^3.9.1"
            }
        },
        "../is": {
            "name": "@benzed/is",
            "version": "3.1.3",
            "extraneous": true,
            "license": "ISC",
            "dependencies": {
                "@benzed/array": "^3.2.3",
                "@benzed/immutable": "^4.0.0",
                "@benzed/math": "^3.1.4",
                "@benzed/schema": "^0.3.0",
                "@benzed/signature-parser": "^1.0.0",
                "@benzed/string": "^3.2.3",
                "@benzed/traits": "^1.0.0",
                "@benzed/util": "^3.9.1"
            }
        },
        "../logger": {
            "name": "@benzed/logger",
            "version": "1.0.0",
            "extraneous": true,
            "license": "ISC",
            "dependencies": {
                "@benzed/traits": "^1.0.0",
                "@benzed/util": "^3.9.1"
            }
        },
        "../match": {
            "extraneous": true
        },
        "../math": {
            "name": "@benzed/math",
            "version": "3.1.4",
            "extraneous": true,
            "license": "ISC",
            "dependencies": {
                "@benzed/immutable": "^4.0.0",
                "@benzed/util": "^3.9.1"
            }
        },
        "../node": {
            "name": "@benzed/node",
            "version": "1.0.0",
            "extraneous": true,
            "license": "ISC",
            "dependencies": {
                "@benzed/immutable": "^4.0.0",
                "@benzed/traits": "^1.0.0",
                "@benzed/util": "^3.9.1"
            }
        },
        "../pipe": {
            "name": "@benzed/pipe",
            "version": "1.0.0",
            "extraneous": true,
            "license": "ISC",
            "dependencies": {
                "@benzed/traits": "^1.0.0",
                "@benzed/util": "^3.9.1"
            }
        },
        "../schema": {
            "name": "@benzed/schema",
            "version": "0.3.0",
            "extraneous": true,
            "license": "ISC",
            "dependencies": {
                "@benzed/immutable": "^4.0.0",
                "@benzed/node": "^1.0.0",
                "@benzed/signature-parser": "^1.0.0",
                "@benzed/string": "^3.2.3",
                "@benzed/traits": "^1.0.0",
                "@benzed/util": "^3.9.1"
            }
        },
        "../signature-parser": {
            "name": "@benzed/signature-parser",
            "version": "1.0.0",
            "extraneous": true,
            "license": "ISC",
            "dependencies": {
                "@benzed/traits": "^1.0.0",
                "@benzed/util": "^3.9.1"
            }
        },
        "../string": {
            "name": "@benzed/string",
            "version": "3.2.3",
            "extraneous": true,
            "license": "ISC",
            "dependencies": {
                "@benzed/math": "^3.1.4",
                "@benzed/signature-parser": "^1.0.0",
                "@benzed/util": "^3.9.1"
            }
        },
        "../traits": {
            "name": "@benzed/traits",
            "version": "1.0.0",
            "extraneous": true,
            "license": "ISC",
            "dependencies": {
                "@benzed/array": "^3.2.3",
                "@benzed/util": "^3.9.1"
            }
        },
        "../util": {
            "name": "@benzed/util",
            "version": "3.9.1",
            "extraneous": true,
            "license": "ISC"
        },
        "node_modules/js-tokens": {
            "version": "4.0.0",
            "resolved": "https://registry.npmjs.org/js-tokens/-/js-tokens-4.0.0.tgz",
            "integrity": "sha512-RdJUflcE3cUzKiMqQgsCu06FPu9UdIJO0beYbPhHN4k6apgJtifcoCtT9bcxOpYBtpD2kCM6Sbzg4CausW/PKQ=="
        },
        "node_modules/loose-envify": {
            "version": "1.4.0",
            "resolved": "https://registry.npmjs.org/loose-envify/-/loose-envify-1.4.0.tgz",
            "integrity": "sha512-lyuxPGr/Wfhrlem2CL/UcnUc1zcqKAImBDzukY7Y5F/yQiNdko6+fRLevlw1HgMySw7f611UIY408EtxRSoK3Q==",
            "dependencies": {
                "js-tokens": "^3.0.0 || ^4.0.0"
            },
            "bin": {
                "loose-envify": "cli.js"
            }
        },
        "node_modules/react": {
            "version": "18.2.0",
            "resolved": "https://registry.npmjs.org/react/-/react-18.2.0.tgz",
            "integrity": "sha512-/3IjMdb2L9QbBdWiW5e3P2/npwMBaU9mHCSCUzNln0ZCYbcfTsGbTJrU/kGemdH2IWmB2ioZ+zkxtmq6g09fGQ==",
            "dependencies": {
                "loose-envify": "^1.1.0"
            },
            "engines": {
                "node": ">=0.10.0"
            }
        }
    },
    "dependencies": {
        "js-tokens": {
            "version": "4.0.0",
            "resolved": "https://registry.npmjs.org/js-tokens/-/js-tokens-4.0.0.tgz",
            "integrity": "sha512-RdJUflcE3cUzKiMqQgsCu06FPu9UdIJO0beYbPhHN4k6apgJtifcoCtT9bcxOpYBtpD2kCM6Sbzg4CausW/PKQ=="
        },
        "loose-envify": {
            "version": "1.4.0",
            "resolved": "https://registry.npmjs.org/loose-envify/-/loose-envify-1.4.0.tgz",
            "integrity": "sha512-lyuxPGr/Wfhrlem2CL/UcnUc1zcqKAImBDzukY7Y5F/yQiNdko6+fRLevlw1HgMySw7f611UIY408EtxRSoK3Q==",
            "requires": {
                "js-tokens": "^3.0.0 || ^4.0.0"
            }
        },
        "react": {
            "version": "18.2.0",
            "resolved": "https://registry.npmjs.org/react/-/react-18.2.0.tgz",
            "integrity": "sha512-/3IjMdb2L9QbBdWiW5e3P2/npwMBaU9mHCSCUzNln0ZCYbcfTsGbTJrU/kGemdH2IWmB2ioZ+zkxtmq6g09fGQ==",
            "requires": {
                "loose-envify": "^1.1.0"
            }
        }
    }
}
