{
    "name": "@benzed/async",
    "version": "3.3.1",
    "lockfileVersion": 2,
    "requires": true,
    "packages": {
        "": {
            "name": "@benzed/async",
            "version": "3.3.1",
            "license": "ISC",
            "dependencies": {
                "@benzed/array": "^3.1.2",
                "@benzed/is": "^3.1.0"
            }
        },
        "../array": {
            "name": "@benzed/array",
            "version": "3.1.2",
            "license": "ISC",
            "dependencies": {
                "@benzed/is": "^3.1.0",
                "@benzed/util": "^3.7.0"
            }
        },
        "../array/node_modules/@benzed/is": {
            "resolved": "../is",
            "link": true
        },
        "../array/node_modules/@benzed/util": {
            "resolved": "../util",
            "link": true
        },
        "../is": {
            "name": "@benzed/is",
            "version": "3.1.0",
            "license": "ISC"
        },
        "../util": {
            "name": "@benzed/util",
            "version": "3.7.0",
            "license": "ISC"
        },
        "node_modules/@benzed/array": {
            "resolved": "../array",
            "link": true
        },
        "node_modules/@benzed/is": {
            "resolved": "../is",
            "link": true
        }
    },
    "dependencies": {
        "@benzed/array": {
            "version": "file:../array",
            "requires": {
                "@benzed/is": "^3.1.0",
                "@benzed/util": "^3.7.0"
            },
            "dependencies": {
                "@benzed/is": {
                    "version": "file:../is"
                },
                "@benzed/util": {
                    "version": "file:../util"
                }
            }
        },
        "@benzed/is": {
            "version": "file:../is"
        }
    }
}
